
Microsoft Visual Studio Solution File, Format Version 12.00
# Visual Studio Version 17
VisualStudioVersion = 17.3.32929.385
MinimumVisualStudioVersion = 10.0.40219.1
Project("{FAE04EC0-301F-11D3-BF4B-00C04F79EFBC}") = "cwiczeniakupka", "cwiczeniakupka\cwiczeniakupka.csproj", "{0136159E-69E4-4381-8341-87B78F3D0A04}"
EndProject
Project("{2150E333-8FDC-42A3-9474-1A3956D46DE8}") = "Elementy rozwiązania", "Elementy rozwiązania", "{699351B2-46B7-47E3-B265-07A13445E7EA}"
	ProjectSection(SolutionItems) = preProject
		Class1.cs = Class1.cs
	EndProjectSection
EndProject
Global
	GlobalSection(SolutionConfigurationPlatforms) = preSolution
		Debug|Any CPU = Debug|Any CPU
		Release|Any CPU = Release|Any CPU
	EndGlobalSection
	GlobalSection(ProjectConfigurationPlatforms) = postSolution
		{0136159E-69E4-4381-8341-87B78F3D0A04}.Debug|Any CPU.ActiveCfg = Debug|Any CPU
		{0136159E-69E4-4381-8341-87B78F3D0A04}.Debug|Any CPU.Build.0 = Debug|Any CPU
		{0136159E-69E4-4381-8341-87B78F3D0A04}.Release|Any CPU.ActiveCfg = Release|Any CPU
		{0136159E-69E4-4381-8341-87B78F3D0A04}.Release|Any CPU.Build.0 = Release|Any CPU
	EndGlobalSection
	GlobalSection(SolutionProperties) = preSolution
		HideSolutionNode = FALSE
	EndGlobalSection
	GlobalSection(ExtensibilityGlobals) = postSolution
		SolutionGuid = {43411813-795A-4702-91EF-0A4693D7C825}
	EndGlobalSection
EndGlobal
